// !$*UTF8*$!
{
	archiveVersion = 1;
	classes = {
	};
	objectVersion = 77;
	objects = {

/* Begin PBXBuildFile section */
		081436CC4F1841112ECF4C5D /* NotificationService.swift in Sources */ = {isa = PBXBuildFile; fileRef = 8D4F316D8F1EE68C3981FCC6 /* NotificationService.swift */; };
		094B0D08B3D3703277B23B0E /* NetworkMonitor.swift in Sources */ = {isa = PBXBuildFile; fileRef = 56C70ECD48796FCCA875BF21 /* NetworkMonitor.swift */; };
		0B76DFB6A5F8660136073552 /* LoadingView.swift in Sources */ = {isa = PBXBuildFile; fileRef = 9B1591E7B72A16BB3035D0C0 /* LoadingView.swift */; };
		0BCE804D51D67B59C136B67D /* CodeEntryView.swift in Sources */ = {isa = PBXBuildFile; fileRef = 74D0310EA4E24746FE14A012 /* CodeEntryView.swift */; };
		0D66F07A56F69BF7C5E4FEB9 /* SocialAuthModels.swift in Sources */ = {isa = PBXBuildFile; fileRef = 9CB580297F109F044C83E3E6 /* SocialAuthModels.swift */; };
		0F2D7A03D2A1FE252E685A1C /* AppleSignInHelper.swift in Sources */ = {isa = PBXBuildFile; fileRef = 64B1D7822425F83C1E51113B /* AppleSignInHelper.swift */; };
		11665959B9288B48495AD7A4 /* NotificationPreferences.swift in Sources */ = {isa = PBXBuildFile; fileRef = 3930736DF5D12B0FE7A4595B /* NotificationPreferences.swift */; };
		198C6D71008A996849F67676 /* ConflictResolver.swift in Sources */ = {isa = PBXBuildFile; fileRef = DEDB0F8916DF6A6FC96F037F /* ConflictResolver.swift */; };
		214AB7F7C3243EFE6A227557 /* SignInWithAppleButton.swift in Sources */ = {isa = PBXBuildFile; fileRef = 5B922150F7D78FD91FDE8BB8 /* SignInWithAppleButton.swift */; };
		2613239F9DCE964CED3FF499 /* AppUser.swift in Sources */ = {isa = PBXBuildFile; fileRef = 36BDFA704F671213FA685766 /* AppUser.swift */; };
		2DBD677C904A691E9D304098 /* AuthViewModel.swift in Sources */ = {isa = PBXBuildFile; fileRef = 251EBD6DEC216B99E5192AD2 /* AuthViewModel.swift */; };
		341FAE2588A9E5264112A7DE /* SubscriptionManager.swift in Sources */ = {isa = PBXBuildFile; fileRef = 0EB2A75DD1CB8A3CDCBABEAB /* SubscriptionManager.swift */; };
		35ADF043CA863C48DBD21C02 /* AuthFlowUITests.swift in Sources */ = {isa = PBXBuildFile; fileRef = B2A00654CA812FD7DF3E005C /* AuthFlowUITests.swift */; };
		3E1D2E7A953FD351A8FFFED3 /* SyncModels.swift in Sources */ = {isa = PBXBuildFile; fileRef = 2FC57598AEA8E4729C963565 /* SyncModels.swift */; };
		4CD7E32707348DDF94997C5D /* SyncMetrics.swift in Sources */ = {isa = PBXBuildFile; fileRef = FFDC672E42C9539744DF5DC3 /* SyncMetrics.swift */; };
		4E3B41F627630B77DE7C7E27 /* StarterApp.swift in Sources */ = {isa = PBXBuildFile; fileRef = C95CB044C3D75B324F9CF3BA /* StarterApp.swift */; };
		522F4CA0084873D8F7D00E2E /* auth-verify.json in Resources */ = {isa = PBXBuildFile; fileRef = AB282A763C4B8E8E1B2AEB4B /* auth-verify.json */; };
		53BB9828CF3D58BDA6ED5771 /* health.json in Resources */ = {isa = PBXBuildFile; fileRef = 0DECE0EF2680A1902C68CFB3 /* health.json */; };
		552BE2769AC67AE4B17B0179 /* HardUpdateView.swift in Sources */ = {isa = PBXBuildFile; fileRef = EE5A484FF959287EA6B0ACF3 /* HardUpdateView.swift */; };
		5B23792D87DCF29356B106F4 /* ShimmerView.swift in Sources */ = {isa = PBXBuildFile; fileRef = F2365D549421733543A3A949 /* ShimmerView.swift */; };
		645745F3E9EFAA1ACA028850 /* SyncState.swift in Sources */ = {isa = PBXBuildFile; fileRef = 96F133F7486662351442F5B7 /* SyncState.swift */; };
		66EAF50E5486373FCDDC1371 /* SyncRepository.swift in Sources */ = {isa = PBXBuildFile; fileRef = FE3046CD3E2AB0644165B0CF /* SyncRepository.swift */; };
		6CE09738465F4CF23D21A064 /* EmailInputView.swift in Sources */ = {isa = PBXBuildFile; fileRef = 2F56B48C9B4CA382CE7359BF /* EmailInputView.swift */; };
		6F388C9DDF9C10C44473297B /* MainTabView.swift in Sources */ = {isa = PBXBuildFile; fileRef = 9CA85E493D92CD481565427E /* MainTabView.swift */; };
		73C3B9DBD19C2B62B55C51F6 /* AppState.swift in Sources */ = {isa = PBXBuildFile; fileRef = B5FC432D1A6D3D58E205274A /* AppState.swift */; };
		7B410073C2100AE6ACEA2CE9 /* Toast.swift in Sources */ = {isa = PBXBuildFile; fileRef = F73EAC84D9D8A0CAD52BA173 /* Toast.swift */; };
		7D34008F7CBDB9EBCF8DA4EA /* AppTokens.swift in Sources */ = {isa = PBXBuildFile; fileRef = D44C16C0129EA3F4B1A7CF1D /* AppTokens.swift */; };
		7DF94843E6EF2B495E9ABDD5 /* BiometricHelperTests.swift in Sources */ = {isa = PBXBuildFile; fileRef = 4751C167A9F6D1E2E0EA03A9 /* BiometricHelperTests.swift */; };
		81368FA51FCB2ECB41F6D0C4 /* AppTextField.swift in Sources */ = {isa = PBXBuildFile; fileRef = 69014874DC3059AA02FE9E68 /* AppTextField.swift */; };
		82475021EFE17B64800F11DC /* AppButton.swift in Sources */ = {isa = PBXBuildFile; fileRef = 24428AE7A3F01CE890DCFB07 /* AppButton.swift */; };
		8542B1C961AE305CB3BC0BDD /* EmptyStateView.swift in Sources */ = {isa = PBXBuildFile; fileRef = B926B70FC158BDEABF4CF24B /* EmptyStateView.swift */; };
		87A9A1D13B33A77CA8007AB7 /* ProfileView.swift in Sources */ = {isa = PBXBuildFile; fileRef = 7EE0FA988CFD7DC08A4BD2F2 /* ProfileView.swift */; };
		8A0C041487A7D8DF82F9907A /* APIClient.swift in Sources */ = {isa = PBXBuildFile; fileRef = 22E2ED6A10CE98E5B4F6925D /* APIClient.swift */; };
		8AE4C06434D04BCA31173FD0 /* ReviewManager.swift in Sources */ = {isa = PBXBuildFile; fileRef = 5DBB71CDA3692A603F78BB23 /* ReviewManager.swift */; };
		8E76ECC625FE3A7097A11943 /* PushRegistrationManager.swift in Sources */ = {isa = PBXBuildFile; fileRef = CB84572875B1D96456080450 /* PushRegistrationManager.swift */; };
		8F1078EAA673062FF4D75292 /* SyncableRecord.swift in Sources */ = {isa = PBXBuildFile; fileRef = E380CEBBBE3405FA17170A5F /* SyncableRecord.swift */; };
		A128E5F7D314A13ED18DD3B1 /* BiometricHelper.swift in Sources */ = {isa = PBXBuildFile; fileRef = 8374DC7878F224B21434A478 /* BiometricHelper.swift */; };
		A799AB583C820980BE2EA31F /* KeychainHelper.swift in Sources */ = {isa = PBXBuildFile; fileRef = 02FC847413EB72C1906C74B2 /* KeychainHelper.swift */; };
		AA49721790E4A10C7C4594F0 /* SyncEngine.swift in Sources */ = {isa = PBXBuildFile; fileRef = 06C2D23D962627799F003A61 /* SyncEngine.swift */; };
		B44090AE8D0CA5DD528D070C /* AuthServiceTests.swift in Sources */ = {isa = PBXBuildFile; fileRef = 2FE8EA7D6739EF6F343D7F7B /* AuthServiceTests.swift */; };
		B9A64D9A5D54F435C75AAE7F /* AppCard.swift in Sources */ = {isa = PBXBuildFile; fileRef = FC5B275506460DB27180086B /* AppCard.swift */; };
		B9F0C9F4A7D3119F4515206D /* MockURLProtocol.swift in Sources */ = {isa = PBXBuildFile; fileRef = 558BC02C80D9CF3EEFCA4702 /* MockURLProtocol.swift */; };
		BA27F4B76E8BF9BC87442076 /* OfflineBanner.swift in Sources */ = {isa = PBXBuildFile; fileRef = 8332D52BEBA8075560AE449D /* OfflineBanner.swift */; };
		BE58F94DCD4D086A3347C2CB /* BackgroundSyncService.swift in Sources */ = {isa = PBXBuildFile; fileRef = 1BBF2D84AD8CC4F3DFD07E99 /* BackgroundSyncService.swift */; };
		C1CD7A9979B7182615220A14 /* AuthFlowView.swift in Sources */ = {isa = PBXBuildFile; fileRef = 67DFFBCBBB85C1B5445227AF /* AuthFlowView.swift */; };
		C2CCC55D54F9F6CE1DFD7B95 /* AuthService.swift in Sources */ = {isa = PBXBuildFile; fileRef = E219DDE85E5E99E59482A19F /* AuthService.swift */; };
		C6A7B7C1A81829045C883736 /* auth-refresh.json in Resources */ = {isa = PBXBuildFile; fileRef = 22755C14870B415837CA9A51 /* auth-refresh.json */; };
		C6B939A428E1BD760926CD72 /* SyncAPIClient.swift in Sources */ = {isa = PBXBuildFile; fileRef = E20CFE5036E178CED2F796D1 /* SyncAPIClient.swift */; };
		CA0BE56210FC4743D283A802 /* auth-request.json in Resources */ = {isa = PBXBuildFile; fileRef = 44AAC60C56E77F607A9879D5 /* auth-request.json */; };
		D0970E1F4BB5A3D2979F7FC2 /* HapticsHelper.swift in Sources */ = {isa = PBXBuildFile; fileRef = C71D0653549D9CE2164AAD99 /* HapticsHelper.swift */; };
		D7A8A518B67BDABA18BE54CD /* SyncQueue.swift in Sources */ = {isa = PBXBuildFile; fileRef = 7647300F1CF19A2D7690734F /* SyncQueue.swift */; };
		D82D7A5171E574E69DE85ACE /* SignInWithGoogleButton.swift in Sources */ = {isa = PBXBuildFile; fileRef = 8AD3A45044706C75BDC585C4 /* SignInWithGoogleButton.swift */; };
		DF5C4E681CE04DBB367E9FF3 /* PaywallView.swift in Sources */ = {isa = PBXBuildFile; fileRef = B5592527C351CB4491C06240 /* PaywallView.swift */; };
		E132108C0975A29F7296DD6B /* SoftUpdateBanner.swift in Sources */ = {isa = PBXBuildFile; fileRef = DA5FA9EE8B6C4CDA52F01D78 /* SoftUpdateBanner.swift */; };
		F11AA6959B37DED302DBFE61 /* HomeView.swift in Sources */ = {isa = PBXBuildFile; fileRef = 881D54DECD3BC5A105A100A1 /* HomeView.swift */; };
		F1FC5765669108BDAD55886E /* WelcomeView.swift in Sources */ = {isa = PBXBuildFile; fileRef = F4E4382A4C4FD9B2BCC8B338 /* WelcomeView.swift */; };
		F20F0832973BF33C8BFD9092 /* GoogleSignInHelper.swift in Sources */ = {isa = PBXBuildFile; fileRef = 76EC00374E7BC1AB897802DA /* GoogleSignInHelper.swift */; };
		F66FB6DBE3A6F0C3FFBF452D /* ForceUpdateChecker.swift in Sources */ = {isa = PBXBuildFile; fileRef = E86417965D39F0D0A2581776 /* ForceUpdateChecker.swift */; };
		F6ADAB31B2C2F166DE02B5EA /* RootView.swift in Sources */ = {isa = PBXBuildFile; fileRef = A19536F580C4614F33BCAA04 /* RootView.swift */; };
/* End PBXBuildFile section */

/* Begin PBXContainerItemProxy section */
		225836C90A531229684E029D /* PBXContainerItemProxy */ = {
			isa = PBXContainerItemProxy;
			containerPortal = 8A9E97463B97BEDCA3F2AF99 /* Project object */;
			proxyType = 1;
			remoteGlobalIDString = F55C00019B6F631FACB1D57B;
			remoteInfo = AppStarterKit;
		};
		D85304249593CC638CC0E881 /* PBXContainerItemProxy */ = {
			isa = PBXContainerItemProxy;
			containerPortal = 8A9E97463B97BEDCA3F2AF99 /* Project object */;
			proxyType = 1;
			remoteGlobalIDString = F55C00019B6F631FACB1D57B;
			remoteInfo = AppStarterKit;
		};
/* End PBXContainerItemProxy section */

/* Begin PBXFileReference section */
		02FC847413EB72C1906C74B2 /* KeychainHelper.swift */ = {isa = PBXFileReference; lastKnownFileType = sourcecode.swift; path = KeychainHelper.swift; sourceTree = "<group>"; };
		06C2D23D962627799F003A61 /* SyncEngine.swift */ = {isa = PBXFileReference; lastKnownFileType = sourcecode.swift; path = SyncEngine.swift; sourceTree = "<group>"; };
		09336420E8EEA9CCC903523A /* AppStarterKitUITests.xctest */ = {isa = PBXFileReference; includeInIndex = 0; lastKnownFileType = wrapper.cfbundle; path = AppStarterKitUITests.xctest; sourceTree = BUILT_PRODUCTS_DIR; };
		0DECE0EF2680A1902C68CFB3 /* health.json */ = {isa = PBXFileReference; lastKnownFileType = text.json; path = health.json; sourceTree = "<group>"; };
		0EB2A75DD1CB8A3CDCBABEAB /* SubscriptionManager.swift */ = {isa = PBXFileReference; lastKnownFileType = sourcecode.swift; path = SubscriptionManager.swift; sourceTree = "<group>"; };
		1847EC6EFE3D76BAF7076C11 /* Release.xcconfig */ = {isa = PBXFileReference; lastKnownFileType = text.xcconfig; path = Release.xcconfig; sourceTree = "<group>"; };
		1BBF2D84AD8CC4F3DFD07E99 /* BackgroundSyncService.swift */ = {isa = PBXFileReference; lastKnownFileType = sourcecode.swift; path = BackgroundSyncService.swift; sourceTree = "<group>"; };
		22755C14870B415837CA9A51 /* auth-refresh.json */ = {isa = PBXFileReference; lastKnownFileType = text.json; path = "auth-refresh.json"; sourceTree = "<group>"; };
		22E2ED6A10CE98E5B4F6925D /* APIClient.swift */ = {isa = PBXFileReference; lastKnownFileType = sourcecode.swift; path = APIClient.swift; sourceTree = "<group>"; };
		24428AE7A3F01CE890DCFB07 /* AppButton.swift */ = {isa = PBXFileReference; lastKnownFileType = sourcecode.swift; path = AppButton.swift; sourceTree = "<group>"; };
		251EBD6DEC216B99E5192AD2 /* AuthViewModel.swift */ = {isa = PBXFileReference; lastKnownFileType = sourcecode.swift; path = AuthViewModel.swift; sourceTree = "<group>"; };
		2F56B48C9B4CA382CE7359BF /* EmailInputView.swift */ = {isa = PBXFileReference; lastKnownFileType = sourcecode.swift; path = EmailInputView.swift; sourceTree = "<group>"; };
		2FC57598AEA8E4729C963565 /* SyncModels.swift */ = {isa = PBXFileReference; lastKnownFileType = sourcecode.swift; path = SyncModels.swift; sourceTree = "<group>"; };
		2FE8EA7D6739EF6F343D7F7B /* AuthServiceTests.swift */ = {isa = PBXFileReference; lastKnownFileType = sourcecode.swift; path = AuthServiceTests.swift; sourceTree = "<group>"; };
		36BDFA704F671213FA685766 /* AppUser.swift */ = {isa = PBXFileReference; lastKnownFileType = sourcecode.swift; path = AppUser.swift; sourceTree = "<group>"; };
		3930736DF5D12B0FE7A4595B /* NotificationPreferences.swift */ = {isa = PBXFileReference; lastKnownFileType = sourcecode.swift; path = NotificationPreferences.swift; sourceTree = "<group>"; };
		44AAC60C56E77F607A9879D5 /* auth-request.json */ = {isa = PBXFileReference; lastKnownFileType = text.json; path = "auth-request.json"; sourceTree = "<group>"; };
		45069CFF144450C2D80AFA52 /* AppStarterKit.app */ = {isa = PBXFileReference; includeInIndex = 0; lastKnownFileType = wrapper.application; path = AppStarterKit.app; sourceTree = BUILT_PRODUCTS_DIR; };
		4751C167A9F6D1E2E0EA03A9 /* BiometricHelperTests.swift */ = {isa = PBXFileReference; lastKnownFileType = sourcecode.swift; path = BiometricHelperTests.swift; sourceTree = "<group>"; };
		558BC02C80D9CF3EEFCA4702 /* MockURLProtocol.swift */ = {isa = PBXFileReference; lastKnownFileType = sourcecode.swift; path = MockURLProtocol.swift; sourceTree = "<group>"; };
		56C70ECD48796FCCA875BF21 /* NetworkMonitor.swift */ = {isa = PBXFileReference; lastKnownFileType = sourcecode.swift; path = NetworkMonitor.swift; sourceTree = "<group>"; };
		5B922150F7D78FD91FDE8BB8 /* SignInWithAppleButton.swift */ = {isa = PBXFileReference; lastKnownFileType = sourcecode.swift; path = SignInWithAppleButton.swift; sourceTree = "<group>"; };
		5DBB71CDA3692A603F78BB23 /* ReviewManager.swift */ = {isa = PBXFileReference; lastKnownFileType = sourcecode.swift; path = ReviewManager.swift; sourceTree = "<group>"; };
		64B1D7822425F83C1E51113B /* AppleSignInHelper.swift */ = {isa = PBXFileReference; lastKnownFileType = sourcecode.swift; path = AppleSignInHelper.swift; sourceTree = "<group>"; };
		67DFFBCBBB85C1B5445227AF /* AuthFlowView.swift */ = {isa = PBXFileReference; lastKnownFileType = sourcecode.swift; path = AuthFlowView.swift; sourceTree = "<group>"; };
		69014874DC3059AA02FE9E68 /* AppTextField.swift */ = {isa = PBXFileReference; lastKnownFileType = sourcecode.swift; path = AppTextField.swift; sourceTree = "<group>"; };
		74D0310EA4E24746FE14A012 /* CodeEntryView.swift */ = {isa = PBXFileReference; lastKnownFileType = sourcecode.swift; path = CodeEntryView.swift; sourceTree = "<group>"; };
		7647300F1CF19A2D7690734F /* SyncQueue.swift */ = {isa = PBXFileReference; lastKnownFileType = sourcecode.swift; path = SyncQueue.swift; sourceTree = "<group>"; };
		76EC00374E7BC1AB897802DA /* GoogleSignInHelper.swift */ = {isa = PBXFileReference; lastKnownFileType = sourcecode.swift; path = GoogleSignInHelper.swift; sourceTree = "<group>"; };
		7EE0FA988CFD7DC08A4BD2F2 /* ProfileView.swift */ = {isa = PBXFileReference; lastKnownFileType = sourcecode.swift; path = ProfileView.swift; sourceTree = "<group>"; };
		8332D52BEBA8075560AE449D /* OfflineBanner.swift */ = {isa = PBXFileReference; lastKnownFileType = sourcecode.swift; path = OfflineBanner.swift; sourceTree = "<group>"; };
		8374DC7878F224B21434A478 /* BiometricHelper.swift */ = {isa = PBXFileReference; lastKnownFileType = sourcecode.swift; path = BiometricHelper.swift; sourceTree = "<group>"; };
		881D54DECD3BC5A105A100A1 /* HomeView.swift */ = {isa = PBXFileReference; lastKnownFileType = sourcecode.swift; path = HomeView.swift; sourceTree = "<group>"; };
		8AD3A45044706C75BDC585C4 /* SignInWithGoogleButton.swift */ = {isa = PBXFileReference; lastKnownFileType = sourcecode.swift; path = SignInWithGoogleButton.swift; sourceTree = "<group>"; };
		8D4F316D8F1EE68C3981FCC6 /* NotificationService.swift */ = {isa = PBXFileReference; lastKnownFileType = sourcecode.swift; path = NotificationService.swift; sourceTree = "<group>"; };
		96F133F7486662351442F5B7 /* SyncState.swift */ = {isa = PBXFileReference; lastKnownFileType = sourcecode.swift; path = SyncState.swift; sourceTree = "<group>"; };
		9B1591E7B72A16BB3035D0C0 /* LoadingView.swift */ = {isa = PBXFileReference; lastKnownFileType = sourcecode.swift; path = LoadingView.swift; sourceTree = "<group>"; };
		9CA85E493D92CD481565427E /* MainTabView.swift */ = {isa = PBXFileReference; lastKnownFileType = sourcecode.swift; path = MainTabView.swift; sourceTree = "<group>"; };
		9CB580297F109F044C83E3E6 /* SocialAuthModels.swift */ = {isa = PBXFileReference; lastKnownFileType = sourcecode.swift; path = SocialAuthModels.swift; sourceTree = "<group>"; };
		A19536F580C4614F33BCAA04 /* RootView.swift */ = {isa = PBXFileReference; lastKnownFileType = sourcecode.swift; path = RootView.swift; sourceTree = "<group>"; };
		AB282A763C4B8E8E1B2AEB4B /* auth-verify.json */ = {isa = PBXFileReference; lastKnownFileType = text.json; path = "auth-verify.json"; sourceTree = "<group>"; };
		B2A00654CA812FD7DF3E005C /* AuthFlowUITests.swift */ = {isa = PBXFileReference; lastKnownFileType = sourcecode.swift; path = AuthFlowUITests.swift; sourceTree = "<group>"; };
		B4B04A8E23B615F7634FBEF2 /* Staging.xcconfig */ = {isa = PBXFileReference; lastKnownFileType = text.xcconfig; path = Staging.xcconfig; sourceTree = "<group>"; };
		B5592527C351CB4491C06240 /* PaywallView.swift */ = {isa = PBXFileReference; lastKnownFileType = sourcecode.swift; path = PaywallView.swift; sourceTree = "<group>"; };
		B5FC432D1A6D3D58E205274A /* AppState.swift */ = {isa = PBXFileReference; lastKnownFileType = sourcecode.swift; path = AppState.swift; sourceTree = "<group>"; };
		B8B1741F4D4F3498E5736CAB /* Info.plist */ = {isa = PBXFileReference; lastKnownFileType = text.plist; path = Info.plist; sourceTree = "<group>"; };
		B926B70FC158BDEABF4CF24B /* EmptyStateView.swift */ = {isa = PBXFileReference; lastKnownFileType = sourcecode.swift; path = EmptyStateView.swift; sourceTree = "<group>"; };
		C71D0653549D9CE2164AAD99 /* HapticsHelper.swift */ = {isa = PBXFileReference; lastKnownFileType = sourcecode.swift; path = HapticsHelper.swift; sourceTree = "<group>"; };
		C95CB044C3D75B324F9CF3BA /* StarterApp.swift */ = {isa = PBXFileReference; lastKnownFileType = sourcecode.swift; path = StarterApp.swift; sourceTree = "<group>"; };
		CB84572875B1D96456080450 /* PushRegistrationManager.swift */ = {isa = PBXFileReference; lastKnownFileType = sourcecode.swift; path = PushRegistrationManager.swift; sourceTree = "<group>"; };
		D44C16C0129EA3F4B1A7CF1D /* AppTokens.swift */ = {isa = PBXFileReference; lastKnownFileType = sourcecode.swift; path = AppTokens.swift; sourceTree = "<group>"; };
		D92B4A2F88E896A9C4E46F75 /* AppStarterKitTests.xctest */ = {isa = PBXFileReference; includeInIndex = 0; lastKnownFileType = wrapper.cfbundle; path = AppStarterKitTests.xctest; sourceTree = BUILT_PRODUCTS_DIR; };
		DA5FA9EE8B6C4CDA52F01D78 /* SoftUpdateBanner.swift */ = {isa = PBXFileReference; lastKnownFileType = sourcecode.swift; path = SoftUpdateBanner.swift; sourceTree = "<group>"; };
		DB18C55870D3BFECF9B5FF5B /* Dev.xcconfig */ = {isa = PBXFileReference; lastKnownFileType = text.xcconfig; path = Dev.xcconfig; sourceTree = "<group>"; };
		DEDB0F8916DF6A6FC96F037F /* ConflictResolver.swift */ = {isa = PBXFileReference; lastKnownFileType = sourcecode.swift; path = ConflictResolver.swift; sourceTree = "<group>"; };
		E20CFE5036E178CED2F796D1 /* SyncAPIClient.swift */ = {isa = PBXFileReference; lastKnownFileType = sourcecode.swift; path = SyncAPIClient.swift; sourceTree = "<group>"; };
		E219DDE85E5E99E59482A19F /* AuthService.swift */ = {isa = PBXFileReference; lastKnownFileType = sourcecode.swift; path = AuthService.swift; sourceTree = "<group>"; };
		E380CEBBBE3405FA17170A5F /* SyncableRecord.swift */ = {isa = PBXFileReference; lastKnownFileType = sourcecode.swift; path = SyncableRecord.swift; sourceTree = "<group>"; };
		E86417965D39F0D0A2581776 /* ForceUpdateChecker.swift */ = {isa = PBXFileReference; lastKnownFileType = sourcecode.swift; path = ForceUpdateChecker.swift; sourceTree = "<group>"; };
		EE5A484FF959287EA6B0ACF3 /* HardUpdateView.swift */ = {isa = PBXFileReference; lastKnownFileType = sourcecode.swift; path = HardUpdateView.swift; sourceTree = "<group>"; };
		F2365D549421733543A3A949 /* ShimmerView.swift */ = {isa = PBXFileReference; lastKnownFileType = sourcecode.swift; path = ShimmerView.swift; sourceTree = "<group>"; };
		F4E4382A4C4FD9B2BCC8B338 /* WelcomeView.swift */ = {isa = PBXFileReference; lastKnownFileType = sourcecode.swift; path = WelcomeView.swift; sourceTree = "<group>"; };
		F73EAC84D9D8A0CAD52BA173 /* Toast.swift */ = {isa = PBXFileReference; lastKnownFileType = sourcecode.swift; path = Toast.swift; sourceTree = "<group>"; };
		FC5B275506460DB27180086B /* AppCard.swift */ = {isa = PBXFileReference; lastKnownFileType = sourcecode.swift; path = AppCard.swift; sourceTree = "<group>"; };
		FE3046CD3E2AB0644165B0CF /* SyncRepository.swift */ = {isa = PBXFileReference; lastKnownFileType = sourcecode.swift; path = SyncRepository.swift; sourceTree = "<group>"; };
		FFDC672E42C9539744DF5DC3 /* SyncMetrics.swift */ = {isa = PBXFileReference; lastKnownFileType = sourcecode.swift; path = SyncMetrics.swift; sourceTree = "<group>"; };
/* End PBXFileReference section */

/* Begin PBXGroup section */
		02DE7D5D511B9E8A4E69CB0F /* AppStarterKitUITests */ = {
			isa = PBXGroup;
			children = (
				B2A00654CA812FD7DF3E005C /* AuthFlowUITests.swift */,
			);
			path = AppStarterKitUITests;
			sourceTree = "<group>";
		};
		0CF8252A78D560B266D92EB6 /* Helpers */ = {
			isa = PBXGroup;
			children = (
				558BC02C80D9CF3EEFCA4702 /* MockURLProtocol.swift */,
			);
			path = Helpers;
			sourceTree = "<group>";
		};
		12ECD6DAE3501272CB8BB689 /* Products */ = {
			isa = PBXGroup;
			children = (
				45069CFF144450C2D80AFA52 /* AppStarterKit.app */,
				D92B4A2F88E896A9C4E46F75 /* AppStarterKitTests.xctest */,
				09336420E8EEA9CCC903523A /* AppStarterKitUITests.xctest */,
			);
			name = Products;
			sourceTree = "<group>";
		};
		15010883C2241BD955463EA2 /* Core */ = {
			isa = PBXGroup;
			children = (
				93E2246C58EA9AF101BC6971 /* Auth */,
				443C056E6E8925BB50736256 /* Models */,
				8835DE994137620A52850FD8 /* Network */,
				3BB0AF6BEFAF16DAA5CB1D35 /* NFR */,
				937BD6DC0C2CAF278E47E579 /* Notifications */,
				A85361048712E8A3304A8A97 /* Subscription */,
				6B22C1EF8DA9D6DB77D5C467 /* Sync */,
				C004B4C22F03AF995BD10D2F /* Utilities */,
			);
			path = Core;
			sourceTree = "<group>";
		};
		183E3051BF6111A9C95F4B26 /* AppStarterKitTests */ = {
			isa = PBXGroup;
			children = (
				2FE8EA7D6739EF6F343D7F7B /* AuthServiceTests.swift */,
				4751C167A9F6D1E2E0EA03A9 /* BiometricHelperTests.swift */,
				3DAD4CC862C39D57E4C0CA2D /* Fixtures */,
				0CF8252A78D560B266D92EB6 /* Helpers */,
			);
			path = AppStarterKitTests;
			sourceTree = "<group>";
		};
		21EF16055634CEF0AA9D2D0C /* App */ = {
			isa = PBXGroup;
			children = (
				B5FC432D1A6D3D58E205274A /* AppState.swift */,
				B8B1741F4D4F3498E5736CAB /* Info.plist */,
				A19536F580C4614F33BCAA04 /* RootView.swift */,
				C95CB044C3D75B324F9CF3BA /* StarterApp.swift */,
			);
			path = App;
			sourceTree = "<group>";
		};
		37D79B2781F33701AF11D61A /* More */ = {
			isa = PBXGroup;
			children = (
				B5592527C351CB4491C06240 /* PaywallView.swift */,
				7EE0FA988CFD7DC08A4BD2F2 /* ProfileView.swift */,
			);
			path = More;
			sourceTree = "<group>";
		};
		3BB0AF6BEFAF16DAA5CB1D35 /* NFR */ = {
			isa = PBXGroup;
			children = (
				E86417965D39F0D0A2581776 /* ForceUpdateChecker.swift */,
				EE5A484FF959287EA6B0ACF3 /* HardUpdateView.swift */,
				8332D52BEBA8075560AE449D /* OfflineBanner.swift */,
				5DBB71CDA3692A603F78BB23 /* ReviewManager.swift */,
				DA5FA9EE8B6C4CDA52F01D78 /* SoftUpdateBanner.swift */,
			);
			path = NFR;
			sourceTree = "<group>";
		};
		3DAD4CC862C39D57E4C0CA2D /* Fixtures */ = {
			isa = PBXGroup;
			children = (
				22755C14870B415837CA9A51 /* auth-refresh.json */,
				44AAC60C56E77F607A9879D5 /* auth-request.json */,
				AB282A763C4B8E8E1B2AEB4B /* auth-verify.json */,
				0DECE0EF2680A1902C68CFB3 /* health.json */,
			);
			path = Fixtures;
			sourceTree = "<group>";
		};
		443C056E6E8925BB50736256 /* Models */ = {
			isa = PBXGroup;
			children = (
				36BDFA704F671213FA685766 /* AppUser.swift */,
			);
			path = Models;
			sourceTree = "<group>";
		};
		4B838128BF407A8349395F84 /* AppStarterKit */ = {
			isa = PBXGroup;
			children = (
				21EF16055634CEF0AA9D2D0C /* App */,
				15010883C2241BD955463EA2 /* Core */,
				5309E4A4E8DA65081C4C55DA /* DesignSystem */,
				87455A0BE52BD8673308F208 /* Features */,
			);
			path = AppStarterKit;
			sourceTree = "<group>";
		};
		5309E4A4E8DA65081C4C55DA /* DesignSystem */ = {
			isa = PBXGroup;
			children = (
				F5852A9877904818829ABE17 /* Components */,
				A9ADE06A4FC5803122809F1C /* Tokens */,
			);
			path = DesignSystem;
			sourceTree = "<group>";
		};
		5DA6705508E411099E68E9E2 /* Protocols */ = {
			isa = PBXGroup;
			children = (
				E380CEBBBE3405FA17170A5F /* SyncableRecord.swift */,
				E20CFE5036E178CED2F796D1 /* SyncAPIClient.swift */,
				FE3046CD3E2AB0644165B0CF /* SyncRepository.swift */,
			);
			path = Protocols;
			sourceTree = "<group>";
		};
		62D1101BD36FD454A1AA7F3D /* Models */ = {
			isa = PBXGroup;
			children = (
				2FC57598AEA8E4729C963565 /* SyncModels.swift */,
				96F133F7486662351442F5B7 /* SyncState.swift */,
			);
			path = Models;
			sourceTree = "<group>";
		};
		6B22C1EF8DA9D6DB77D5C467 /* Sync */ = {
			isa = PBXGroup;
			children = (
				1BBF2D84AD8CC4F3DFD07E99 /* BackgroundSyncService.swift */,
				DEDB0F8916DF6A6FC96F037F /* ConflictResolver.swift */,
				06C2D23D962627799F003A61 /* SyncEngine.swift */,
				FFDC672E42C9539744DF5DC3 /* SyncMetrics.swift */,
				7647300F1CF19A2D7690734F /* SyncQueue.swift */,
				62D1101BD36FD454A1AA7F3D /* Models */,
				5DA6705508E411099E68E9E2 /* Protocols */,
			);
			path = Sync;
			sourceTree = "<group>";
		};
		715555FF35E6887CF10EA50E /* Configs */ = {
			isa = PBXGroup;
			children = (
				DB18C55870D3BFECF9B5FF5B /* Dev.xcconfig */,
				1847EC6EFE3D76BAF7076C11 /* Release.xcconfig */,
				B4B04A8E23B615F7634FBEF2 /* Staging.xcconfig */,
			);
			path = Configs;
			sourceTree = "<group>";
		};
		87455A0BE52BD8673308F208 /* Features */ = {
			isa = PBXGroup;
			children = (
				A1FAB5FC96C5BDE252154CE1 /* Auth */,
				A4C1B127A3120A1BCC9D0EAF /* Home */,
				37D79B2781F33701AF11D61A /* More */,
			);
			path = Features;
			sourceTree = "<group>";
		};
		8835DE994137620A52850FD8 /* Network */ = {
			isa = PBXGroup;
			children = (
				22E2ED6A10CE98E5B4F6925D /* APIClient.swift */,
				56C70ECD48796FCCA875BF21 /* NetworkMonitor.swift */,
			);
			path = Network;
			sourceTree = "<group>";
		};
		937BD6DC0C2CAF278E47E579 /* Notifications */ = {
			isa = PBXGroup;
			children = (
				3930736DF5D12B0FE7A4595B /* NotificationPreferences.swift */,
				8D4F316D8F1EE68C3981FCC6 /* NotificationService.swift */,
				CB84572875B1D96456080450 /* PushRegistrationManager.swift */,
			);
			path = Notifications;
			sourceTree = "<group>";
		};
		93E2246C58EA9AF101BC6971 /* Auth */ = {
			isa = PBXGroup;
			children = (
				8374DC7878F224B21434A478 /* BiometricHelper.swift */,
				02FC847413EB72C1906C74B2 /* KeychainHelper.swift */,
			);
			path = Auth;
			sourceTree = "<group>";
		};
		A1FAB5FC96C5BDE252154CE1 /* Auth */ = {
			isa = PBXGroup;
			children = (
				67DFFBCBBB85C1B5445227AF /* AuthFlowView.swift */,
				E219DDE85E5E99E59482A19F /* AuthService.swift */,
				251EBD6DEC216B99E5192AD2 /* AuthViewModel.swift */,
				74D0310EA4E24746FE14A012 /* CodeEntryView.swift */,
				2F56B48C9B4CA382CE7359BF /* EmailInputView.swift */,
				F4E4382A4C4FD9B2BCC8B338 /* WelcomeView.swift */,
				F17AAABCBD984A5A68123DE4 /* SocialAuth */,
			);
			path = Auth;
			sourceTree = "<group>";
		};
		A4C1B127A3120A1BCC9D0EAF /* Home */ = {
			isa = PBXGroup;
			children = (
				881D54DECD3BC5A105A100A1 /* HomeView.swift */,
				9CA85E493D92CD481565427E /* MainTabView.swift */,
			);
			path = Home;
			sourceTree = "<group>";
		};
		A85361048712E8A3304A8A97 /* Subscription */ = {
			isa = PBXGroup;
			children = (
				0EB2A75DD1CB8A3CDCBABEAB /* SubscriptionManager.swift */,
			);
			path = Subscription;
			sourceTree = "<group>";
		};
		A9ADE06A4FC5803122809F1C /* Tokens */ = {
			isa = PBXGroup;
			children = (
				D44C16C0129EA3F4B1A7CF1D /* AppTokens.swift */,
			);
			path = Tokens;
			sourceTree = "<group>";
		};
		C004B4C22F03AF995BD10D2F /* Utilities */ = {
			isa = PBXGroup;
			children = (
				C71D0653549D9CE2164AAD99 /* HapticsHelper.swift */,
			);
			path = Utilities;
			sourceTree = "<group>";
		};
		F17AAABCBD984A5A68123DE4 /* SocialAuth */ = {
			isa = PBXGroup;
			children = (
				64B1D7822425F83C1E51113B /* AppleSignInHelper.swift */,
				76EC00374E7BC1AB897802DA /* GoogleSignInHelper.swift */,
				5B922150F7D78FD91FDE8BB8 /* SignInWithAppleButton.swift */,
				9CB580297F109F044C83E3E6 /* SocialAuthModels.swift */,
			);
			path = SocialAuth;
			sourceTree = "<group>";
		};
		F5852A9877904818829ABE17 /* Components */ = {
			isa = PBXGroup;
			children = (
				24428AE7A3F01CE890DCFB07 /* AppButton.swift */,
				FC5B275506460DB27180086B /* AppCard.swift */,
				69014874DC3059AA02FE9E68 /* AppTextField.swift */,
				B926B70FC158BDEABF4CF24B /* EmptyStateView.swift */,
				9B1591E7B72A16BB3035D0C0 /* LoadingView.swift */,
				F2365D549421733543A3A949 /* ShimmerView.swift */,
				8AD3A45044706C75BDC585C4 /* SignInWithGoogleButton.swift */,
				F73EAC84D9D8A0CAD52BA173 /* Toast.swift */,
			);
			path = Components;
			sourceTree = "<group>";
		};
		F7F991159CA0ED2F4820C64D = {
			isa = PBXGroup;
			children = (
				4B838128BF407A8349395F84 /* AppStarterKit */,
				183E3051BF6111A9C95F4B26 /* AppStarterKitTests */,
				02DE7D5D511B9E8A4E69CB0F /* AppStarterKitUITests */,
				715555FF35E6887CF10EA50E /* Configs */,
				12ECD6DAE3501272CB8BB689 /* Products */,
			);
			sourceTree = "<group>";
		};
/* End PBXGroup section */

/* Begin PBXNativeTarget section */
		BF5F8095A81D8D5EC2DAFA4A /* AppStarterKitUITests */ = {
			isa = PBXNativeTarget;
			buildConfigurationList = DEB93887ABDFFEB72C319FFB /* Build configuration list for PBXNativeTarget "AppStarterKitUITests" */;
			buildPhases = (
				AF4254AE6BC648EF4CE58D14 /* Sources */,
			);
			buildRules = (
			);
			dependencies = (
				CCBBBC04C731D268BF4B1396 /* PBXTargetDependency */,
			);
			name = AppStarterKitUITests;
			packageProductDependencies = (
			);
			productName = AppStarterKitUITests;
			productReference = 09336420E8EEA9CCC903523A /* AppStarterKitUITests.xctest */;
			productType = "com.apple.product-type.bundle.ui-testing";
		};
		C6D870CB65112ADA90F4BF6E /* AppStarterKitTests */ = {
			isa = PBXNativeTarget;
			buildConfigurationList = 21B74110C557479A2620C3CA /* Build configuration list for PBXNativeTarget "AppStarterKitTests" */;
			buildPhases = (
				7AD49EE8AA7D233C3CFEB1D0 /* Sources */,
				2ED6B0A3F7E8126687161796 /* Resources */,
			);
			buildRules = (
			);
			dependencies = (
				B89BA128E8E8BD8F4BFEDF76 /* PBXTargetDependency */,
			);
			name = AppStarterKitTests;
			packageProductDependencies = (
			);
			productName = AppStarterKitTests;
			productReference = D92B4A2F88E896A9C4E46F75 /* AppStarterKitTests.xctest */;
			productType = "com.apple.product-type.bundle.unit-test";
		};
		F55C00019B6F631FACB1D57B /* AppStarterKit */ = {
			isa = PBXNativeTarget;
			buildConfigurationList = 26937A4560A016F669CEEDE0 /* Build configuration list for PBXNativeTarget "AppStarterKit" */;
			buildPhases = (
				133C19AE7B6B315D8A1DA983 /* Sources */,
			);
			buildRules = (
			);
			dependencies = (
			);
			name = AppStarterKit;
			packageProductDependencies = (
			);
			productName = AppStarterKit;
			productReference = 45069CFF144450C2D80AFA52 /* AppStarterKit.app */;
			productType = "com.apple.product-type.application";
		};
/* End PBXNativeTarget section */

/* Begin PBXProject section */
		8A9E97463B97BEDCA3F2AF99 /* Project object */ = {
			isa = PBXProject;
			attributes = {
				BuildIndependentTargetsInParallel = YES;
				LastUpgradeCheck = 1500;
				TargetAttributes = {
					BF5F8095A81D8D5EC2DAFA4A = {
						TestTargetID = F55C00019B6F631FACB1D57B;
					};
				};
			};
			buildConfigurationList = 63BC2DE662C1DEA378289CB5 /* Build configuration list for PBXProject "AppStarterKit" */;
			compatibilityVersion = "Xcode 14.0";
			developmentRegion = en;
			hasScannedForEncodings = 0;
			knownRegions = (
				Base,
				en,
			);
			mainGroup = F7F991159CA0ED2F4820C64D;
			minimizedProjectReferenceProxies = 1;
			preferredProjectObjectVersion = 77;
			projectDirPath = "";
			projectRoot = "";
			targets = (
				F55C00019B6F631FACB1D57B /* AppStarterKit */,
				C6D870CB65112ADA90F4BF6E /* AppStarterKitTests */,
				BF5F8095A81D8D5EC2DAFA4A /* AppStarterKitUITests */,
			);
		};
/* End PBXProject section */

/* Begin PBXResourcesBuildPhase section */
		2ED6B0A3F7E8126687161796 /* Resources */ = {
			isa = PBXResourcesBuildPhase;
			buildActionMask = 2147483647;
			files = (
				C6A7B7C1A81829045C883736 /* auth-refresh.json in Resources */,
				CA0BE56210FC4743D283A802 /* auth-request.json in Resources */,
				522F4CA0084873D8F7D00E2E /* auth-verify.json in Resources */,
				53BB9828CF3D58BDA6ED5771 /* health.json in Resources */,
			);
			runOnlyForDeploymentPostprocessing = 0;
		};
/* End PBXResourcesBuildPhase section */

/* Begin PBXSourcesBuildPhase section */
		133C19AE7B6B315D8A1DA983 /* Sources */ = {
			isa = PBXSourcesBuildPhase;
			buildActionMask = 2147483647;
			files = (
				8A0C041487A7D8DF82F9907A /* APIClient.swift in Sources */,
				82475021EFE17B64800F11DC /* AppButton.swift in Sources */,
				B9A64D9A5D54F435C75AAE7F /* AppCard.swift in Sources */,
				73C3B9DBD19C2B62B55C51F6 /* AppState.swift in Sources */,
				81368FA51FCB2ECB41F6D0C4 /* AppTextField.swift in Sources */,
				7D34008F7CBDB9EBCF8DA4EA /* AppTokens.swift in Sources */,
				2613239F9DCE964CED3FF499 /* AppUser.swift in Sources */,
				0F2D7A03D2A1FE252E685A1C /* AppleSignInHelper.swift in Sources */,
				C1CD7A9979B7182615220A14 /* AuthFlowView.swift in Sources */,
				C2CCC55D54F9F6CE1DFD7B95 /* AuthService.swift in Sources */,
				2DBD677C904A691E9D304098 /* AuthViewModel.swift in Sources */,
				BE58F94DCD4D086A3347C2CB /* BackgroundSyncService.swift in Sources */,
				A128E5F7D314A13ED18DD3B1 /* BiometricHelper.swift in Sources */,
				0BCE804D51D67B59C136B67D /* CodeEntryView.swift in Sources */,
				198C6D71008A996849F67676 /* ConflictResolver.swift in Sources */,
				6CE09738465F4CF23D21A064 /* EmailInputView.swift in Sources */,
				8542B1C961AE305CB3BC0BDD /* EmptyStateView.swift in Sources */,
				F66FB6DBE3A6F0C3FFBF452D /* ForceUpdateChecker.swift in Sources */,
				F20F0832973BF33C8BFD9092 /* GoogleSignInHelper.swift in Sources */,
				D0970E1F4BB5A3D2979F7FC2 /* HapticsHelper.swift in Sources */,
				552BE2769AC67AE4B17B0179 /* HardUpdateView.swift in Sources */,
				F11AA6959B37DED302DBFE61 /* HomeView.swift in Sources */,
				A799AB583C820980BE2EA31F /* KeychainHelper.swift in Sources */,
				0B76DFB6A5F8660136073552 /* LoadingView.swift in Sources */,
				6F388C9DDF9C10C44473297B /* MainTabView.swift in Sources */,
				094B0D08B3D3703277B23B0E /* NetworkMonitor.swift in Sources */,
				11665959B9288B48495AD7A4 /* NotificationPreferences.swift in Sources */,
				081436CC4F1841112ECF4C5D /* NotificationService.swift in Sources */,
				BA27F4B76E8BF9BC87442076 /* OfflineBanner.swift in Sources */,
				DF5C4E681CE04DBB367E9FF3 /* PaywallView.swift in Sources */,
				87A9A1D13B33A77CA8007AB7 /* ProfileView.swift in Sources */,
				8E76ECC625FE3A7097A11943 /* PushRegistrationManager.swift in Sources */,
				8AE4C06434D04BCA31173FD0 /* ReviewManager.swift in Sources */,
				F6ADAB31B2C2F166DE02B5EA /* RootView.swift in Sources */,
				5B23792D87DCF29356B106F4 /* ShimmerView.swift in Sources */,
				214AB7F7C3243EFE6A227557 /* SignInWithAppleButton.swift in Sources */,
				D82D7A5171E574E69DE85ACE /* SignInWithGoogleButton.swift in Sources */,
				0D66F07A56F69BF7C5E4FEB9 /* SocialAuthModels.swift in Sources */,
				E132108C0975A29F7296DD6B /* SoftUpdateBanner.swift in Sources */,
				4E3B41F627630B77DE7C7E27 /* StarterApp.swift in Sources */,
				341FAE2588A9E5264112A7DE /* SubscriptionManager.swift in Sources */,
				C6B939A428E1BD760926CD72 /* SyncAPIClient.swift in Sources */,
				AA49721790E4A10C7C4594F0 /* SyncEngine.swift in Sources */,
				4CD7E32707348DDF94997C5D /* SyncMetrics.swift in Sources */,
				3E1D2E7A953FD351A8FFFED3 /* SyncModels.swift in Sources */,
				D7A8A518B67BDABA18BE54CD /* SyncQueue.swift in Sources */,
				66EAF50E5486373FCDDC1371 /* SyncRepository.swift in Sources */,
				645745F3E9EFAA1ACA028850 /* SyncState.swift in Sources */,
				8F1078EAA673062FF4D75292 /* SyncableRecord.swift in Sources */,
				7B410073C2100AE6ACEA2CE9 /* Toast.swift in Sources */,
				F1FC5765669108BDAD55886E /* WelcomeView.swift in Sources */,
			);
			runOnlyForDeploymentPostprocessing = 0;
		};
		7AD49EE8AA7D233C3CFEB1D0 /* Sources */ = {
			isa = PBXSourcesBuildPhase;
			buildActionMask = 2147483647;
			files = (
				B44090AE8D0CA5DD528D070C /* AuthServiceTests.swift in Sources */,
				7DF94843E6EF2B495E9ABDD5 /* BiometricHelperTests.swift in Sources */,
				B9F0C9F4A7D3119F4515206D /* MockURLProtocol.swift in Sources */,
			);
			runOnlyForDeploymentPostprocessing = 0;
		};
		AF4254AE6BC648EF4CE58D14 /* Sources */ = {
			isa = PBXSourcesBuildPhase;
			buildActionMask = 2147483647;
			files = (
				35ADF043CA863C48DBD21C02 /* AuthFlowUITests.swift in Sources */,
			);
			runOnlyForDeploymentPostprocessing = 0;
		};
/* End PBXSourcesBuildPhase section */

/* Begin PBXTargetDependency section */
		B89BA128E8E8BD8F4BFEDF76 /* PBXTargetDependency */ = {
			isa = PBXTargetDependency;
			target = F55C00019B6F631FACB1D57B /* AppStarterKit */;
			targetProxy = 225836C90A531229684E029D /* PBXContainerItemProxy */;
		};
		CCBBBC04C731D268BF4B1396 /* PBXTargetDependency */ = {
			isa = PBXTargetDependency;
			target = F55C00019B6F631FACB1D57B /* AppStarterKit */;
			targetProxy = D85304249593CC638CC0E881 /* PBXContainerItemProxy */;
		};
/* End PBXTargetDependency section */

/* Begin XCBuildConfiguration section */
		1555F5263B30CA80B02D0D78 /* Release-Debug */ = {
			isa = XCBuildConfiguration;
			buildSettings = {
				ALWAYS_SEARCH_USER_PATHS = NO;
				CLANG_ANALYZER_NONNULL = YES;
				CLANG_ANALYZER_NUMBER_OBJECT_CONVERSION = YES_AGGRESSIVE;
				CLANG_CXX_LANGUAGE_STANDARD = "gnu++14";
				CLANG_CXX_LIBRARY = "libc++";
				CLANG_ENABLE_MODULES = YES;
				CLANG_ENABLE_OBJC_ARC = YES;
				CLANG_ENABLE_OBJC_WEAK = YES;
				CLANG_WARN_BLOCK_CAPTURE_AUTORELEASING = YES;
				CLANG_WARN_BOOL_CONVERSION = YES;
				CLANG_WARN_COMMA = YES;
				CLANG_WARN_CONSTANT_CONVERSION = YES;
				CLANG_WARN_DEPRECATED_OBJC_IMPLEMENTATIONS = YES;
				CLANG_WARN_DIRECT_OBJC_ISA_USAGE = YES_ERROR;
				CLANG_WARN_DOCUMENTATION_COMMENTS = YES;
				CLANG_WARN_EMPTY_BODY = YES;
				CLANG_WARN_ENUM_CONVERSION = YES;
				CLANG_WARN_INFINITE_RECURSION = YES;
				CLANG_WARN_INT_CONVERSION = YES;
				CLANG_WARN_NON_LITERAL_NULL_CONVERSION = YES;
				CLANG_WARN_OBJC_IMPLICIT_RETAIN_SELF = YES;
				CLANG_WARN_OBJC_LITERAL_CONVERSION = YES;
				CLANG_WARN_OBJC_ROOT_CLASS = YES_ERROR;
				CLANG_WARN_QUOTED_INCLUDE_IN_FRAMEWORK_HEADER = YES;
				CLANG_WARN_RANGE_LOOP_ANALYSIS = YES;
				CLANG_WARN_STRICT_PROTOTYPES = YES;
				CLANG_WARN_SUSPICIOUS_MOVE = YES;
				CLANG_WARN_UNGUARDED_AVAILABILITY = YES_AGGRESSIVE;
				CLANG_WARN_UNREACHABLE_CODE = YES;
				CLANG_WARN__DUPLICATE_METHOD_MATCH = YES;
				COPY_PHASE_STRIP = NO;
				DEBUG_INFORMATION_FORMAT = dwarf;
				ENABLE_STRICT_OBJC_MSGSEND = YES;
				ENABLE_TESTABILITY = YES;
				GCC_C_LANGUAGE_STANDARD = gnu11;
				GCC_DYNAMIC_NO_PIC = NO;
				GCC_NO_COMMON_BLOCKS = YES;
				GCC_OPTIMIZATION_LEVEL = 0;
				GCC_PREPROCESSOR_DEFINITIONS = (
					"$(inherited)",
					"DEBUG=1",
				);
				GCC_WARN_64_TO_32_BIT_CONVERSION = YES;
				GCC_WARN_ABOUT_RETURN_TYPE = YES_ERROR;
				GCC_WARN_UNDECLARED_SELECTOR = YES;
				GCC_WARN_UNINITIALIZED_AUTOS = YES_AGGRESSIVE;
				GCC_WARN_UNUSED_FUNCTION = YES;
				GCC_WARN_UNUSED_VARIABLE = YES;
				IPHONEOS_DEPLOYMENT_TARGET = 17.0;
				MTL_ENABLE_DEBUG_INFO = INCLUDE_SOURCE;
				MTL_FAST_MATH = YES;
				ONLY_ACTIVE_ARCH = YES;
				PRODUCT_NAME = "$(TARGET_NAME)";
				SDKROOT = iphoneos;
				SWIFT_ACTIVE_COMPILATION_CONDITIONS = DEBUG;
				SWIFT_OPTIMIZATION_LEVEL = "-Onone";
				SWIFT_VERSION = 5.0;
			};
			name = "Release-Debug";
		};
		1A9E280D9A663C8E649CEEDC /* Staging-Debug */ = {
			isa = XCBuildConfiguration;
			buildSettings = {
				ALWAYS_SEARCH_USER_PATHS = NO;
				CLANG_ANALYZER_NONNULL = YES;
				CLANG_ANALYZER_NUMBER_OBJECT_CONVERSION = YES_AGGRESSIVE;
				CLANG_CXX_LANGUAGE_STANDARD = "gnu++14";
				CLANG_CXX_LIBRARY = "libc++";
				CLANG_ENABLE_MODULES = YES;
				CLANG_ENABLE_OBJC_ARC = YES;
				CLANG_ENABLE_OBJC_WEAK = YES;
				CLANG_WARN_BLOCK_CAPTURE_AUTORELEASING = YES;
				CLANG_WARN_BOOL_CONVERSION = YES;
				CLANG_WARN_COMMA = YES;
				CLANG_WARN_CONSTANT_CONVERSION = YES;
				CLANG_WARN_DEPRECATED_OBJC_IMPLEMENTATIONS = YES;
				CLANG_WARN_DIRECT_OBJC_ISA_USAGE = YES_ERROR;
				CLANG_WARN_DOCUMENTATION_COMMENTS = YES;
				CLANG_WARN_EMPTY_BODY = YES;
				CLANG_WARN_ENUM_CONVERSION = YES;
				CLANG_WARN_INFINITE_RECURSION = YES;
				CLANG_WARN_INT_CONVERSION = YES;
				CLANG_WARN_NON_LITERAL_NULL_CONVERSION = YES;
				CLANG_WARN_OBJC_IMPLICIT_RETAIN_SELF = YES;
				CLANG_WARN_OBJC_LITERAL_CONVERSION = YES;
				CLANG_WARN_OBJC_ROOT_CLASS = YES_ERROR;
				CLANG_WARN_QUOTED_INCLUDE_IN_FRAMEWORK_HEADER = YES;
				CLANG_WARN_RANGE_LOOP_ANALYSIS = YES;
				CLANG_WARN_STRICT_PROTOTYPES = YES;
				CLANG_WARN_SUSPICIOUS_MOVE = YES;
				CLANG_WARN_UNGUARDED_AVAILABILITY = YES_AGGRESSIVE;
				CLANG_WARN_UNREACHABLE_CODE = YES;
				CLANG_WARN__DUPLICATE_METHOD_MATCH = YES;
				COPY_PHASE_STRIP = NO;
				DEBUG_INFORMATION_FORMAT = dwarf;
				ENABLE_STRICT_OBJC_MSGSEND = YES;
				ENABLE_TESTABILITY = YES;
				GCC_C_LANGUAGE_STANDARD = gnu11;
				GCC_DYNAMIC_NO_PIC = NO;
				GCC_NO_COMMON_BLOCKS = YES;
				GCC_OPTIMIZATION_LEVEL = 0;
				GCC_PREPROCESSOR_DEFINITIONS = (
					"$(inherited)",
					"DEBUG=1",
				);
				GCC_WARN_64_TO_32_BIT_CONVERSION = YES;
				GCC_WARN_ABOUT_RETURN_TYPE = YES_ERROR;
				GCC_WARN_UNDECLARED_SELECTOR = YES;
				GCC_WARN_UNINITIALIZED_AUTOS = YES_AGGRESSIVE;
				GCC_WARN_UNUSED_FUNCTION = YES;
				GCC_WARN_UNUSED_VARIABLE = YES;
				IPHONEOS_DEPLOYMENT_TARGET = 17.0;
				MTL_ENABLE_DEBUG_INFO = INCLUDE_SOURCE;
				MTL_FAST_MATH = YES;
				ONLY_ACTIVE_ARCH = YES;
				PRODUCT_NAME = "$(TARGET_NAME)";
				SDKROOT = iphoneos;
				SWIFT_ACTIVE_COMPILATION_CONDITIONS = DEBUG;
				SWIFT_OPTIMIZATION_LEVEL = "-Onone";
				SWIFT_VERSION = 5.0;
			};
			name = "Staging-Debug";
		};
		2081B7974EB6EA9FCB0ED680 /* Staging-Debug */ = {
			isa = XCBuildConfiguration;
			baseConfigurationReference = B4B04A8E23B615F7634FBEF2 /* Staging.xcconfig */;
			buildSettings = {
				ASSETCATALOG_COMPILER_APPICON_NAME = AppIcon;
				CODE_SIGN_IDENTITY = "iPhone Developer";
				GENERATE_INFOPLIST_FILE = NO;
				INFOPLIST_FILE = AppStarterKit/App/Info.plist;
				LD_RUNPATH_SEARCH_PATHS = (
					"$(inherited)",
					"@executable_path/Frameworks",
				);
				PRODUCT_NAME = AppStarterKit;
				SDKROOT = iphoneos;
				SWIFT_VERSION = 5.9;
				TARGETED_DEVICE_FAMILY = "1,2";
			};
			name = "Staging-Debug";
		};
		2BC966BB157407AFBA282A09 /* Release-Release */ = {
			isa = XCBuildConfiguration;
			buildSettings = {
				BUNDLE_LOADER = "$(TEST_HOST)";
				LD_RUNPATH_SEARCH_PATHS = (
					"$(inherited)",
					"@executable_path/Frameworks",
					"@loader_path/Frameworks",
				);
				PRODUCT_BUNDLE_IDENTIFIER = com.appstarterkit.app.AppStarterKitUITests;
				SDKROOT = iphoneos;
				SWIFT_VERSION = 5.9;
				TARGETED_DEVICE_FAMILY = "1,2";
				TEST_TARGET_NAME = AppStarterKit;
			};
			name = "Release-Release";
		};
		3697E479001AC6526FD6E2C2 /* Staging-Debug */ = {
			isa = XCBuildConfiguration;
			buildSettings = {
				BUNDLE_LOADER = "$(TEST_HOST)";
				LD_RUNPATH_SEARCH_PATHS = (
					"$(inherited)",
					"@executable_path/Frameworks",
					"@loader_path/Frameworks",
				);
				PRODUCT_BUNDLE_IDENTIFIER = com.appstarterkit.app.AppStarterKitUITests;
				SDKROOT = iphoneos;
				SWIFT_VERSION = 5.9;
				TARGETED_DEVICE_FAMILY = "1,2";
				TEST_TARGET_NAME = AppStarterKit;
			};
			name = "Staging-Debug";
		};
		39D5AA0A8CD2EAFD6B2C18E8 /* Release-Debug */ = {
			isa = XCBuildConfiguration;
			baseConfigurationReference = 1847EC6EFE3D76BAF7076C11 /* Release.xcconfig */;
			buildSettings = {
				ASSETCATALOG_COMPILER_APPICON_NAME = AppIcon;
				CODE_SIGN_IDENTITY = "iPhone Developer";
				GENERATE_INFOPLIST_FILE = NO;
				INFOPLIST_FILE = AppStarterKit/App/Info.plist;
				LD_RUNPATH_SEARCH_PATHS = (
					"$(inherited)",
					"@executable_path/Frameworks",
				);
				PRODUCT_NAME = AppStarterKit;
				SDKROOT = iphoneos;
				SWIFT_VERSION = 5.9;
				TARGETED_DEVICE_FAMILY = "1,2";
			};
			name = "Release-Debug";
		};
		43B4304C6533680AB21059D8 /* Dev-Debug */ = {
			isa = XCBuildConfiguration;
			baseConfigurationReference = DB18C55870D3BFECF9B5FF5B /* Dev.xcconfig */;
			buildSettings = {
				ASSETCATALOG_COMPILER_APPICON_NAME = AppIcon;
				CODE_SIGN_IDENTITY = "iPhone Developer";
				GENERATE_INFOPLIST_FILE = NO;
				INFOPLIST_FILE = AppStarterKit/App/Info.plist;
				LD_RUNPATH_SEARCH_PATHS = (
					"$(inherited)",
					"@executable_path/Frameworks",
				);
				PRODUCT_NAME = AppStarterKit;
				SDKROOT = iphoneos;
				SWIFT_VERSION = 5.9;
				TARGETED_DEVICE_FAMILY = "1,2";
			};
			name = "Dev-Debug";
		};
		5C92D86993F0E6328E5002CE /* Release-Release */ = {
			isa = XCBuildConfiguration;
			buildSettings = {
				ALWAYS_SEARCH_USER_PATHS = NO;
				CLANG_ANALYZER_NONNULL = YES;
				CLANG_ANALYZER_NUMBER_OBJECT_CONVERSION = YES_AGGRESSIVE;
				CLANG_CXX_LANGUAGE_STANDARD = "gnu++14";
				CLANG_CXX_LIBRARY = "libc++";
				CLANG_ENABLE_MODULES = YES;
				CLANG_ENABLE_OBJC_ARC = YES;
				CLANG_ENABLE_OBJC_WEAK = YES;
				CLANG_WARN_BLOCK_CAPTURE_AUTORELEASING = YES;
				CLANG_WARN_BOOL_CONVERSION = YES;
				CLANG_WARN_COMMA = YES;
				CLANG_WARN_CONSTANT_CONVERSION = YES;
				CLANG_WARN_DEPRECATED_OBJC_IMPLEMENTATIONS = YES;
				CLANG_WARN_DIRECT_OBJC_ISA_USAGE = YES_ERROR;
				CLANG_WARN_DOCUMENTATION_COMMENTS = YES;
				CLANG_WARN_EMPTY_BODY = YES;
				CLANG_WARN_ENUM_CONVERSION = YES;
				CLANG_WARN_INFINITE_RECURSION = YES;
				CLANG_WARN_INT_CONVERSION = YES;
				CLANG_WARN_NON_LITERAL_NULL_CONVERSION = YES;
				CLANG_WARN_OBJC_IMPLICIT_RETAIN_SELF = YES;
				CLANG_WARN_OBJC_LITERAL_CONVERSION = YES;
				CLANG_WARN_OBJC_ROOT_CLASS = YES_ERROR;
				CLANG_WARN_QUOTED_INCLUDE_IN_FRAMEWORK_HEADER = YES;
				CLANG_WARN_RANGE_LOOP_ANALYSIS = YES;
				CLANG_WARN_STRICT_PROTOTYPES = YES;
				CLANG_WARN_SUSPICIOUS_MOVE = YES;
				CLANG_WARN_UNGUARDED_AVAILABILITY = YES_AGGRESSIVE;
				CLANG_WARN_UNREACHABLE_CODE = YES;
				CLANG_WARN__DUPLICATE_METHOD_MATCH = YES;
				COPY_PHASE_STRIP = NO;
				DEBUG_INFORMATION_FORMAT = "dwarf-with-dsym";
				ENABLE_NS_ASSERTIONS = NO;
				ENABLE_STRICT_OBJC_MSGSEND = YES;
				GCC_C_LANGUAGE_STANDARD = gnu11;
				GCC_NO_COMMON_BLOCKS = YES;
				GCC_WARN_64_TO_32_BIT_CONVERSION = YES;
				GCC_WARN_ABOUT_RETURN_TYPE = YES_ERROR;
				GCC_WARN_UNDECLARED_SELECTOR = YES;
				GCC_WARN_UNINITIALIZED_AUTOS = YES_AGGRESSIVE;
				GCC_WARN_UNUSED_FUNCTION = YES;
				GCC_WARN_UNUSED_VARIABLE = YES;
				IPHONEOS_DEPLOYMENT_TARGET = 17.0;
				MTL_ENABLE_DEBUG_INFO = NO;
				MTL_FAST_MATH = YES;
				PRODUCT_NAME = "$(TARGET_NAME)";
				SDKROOT = iphoneos;
				SWIFT_COMPILATION_MODE = wholemodule;
				SWIFT_OPTIMIZATION_LEVEL = "-O";
				SWIFT_VERSION = 5.0;
			};
			name = "Release-Release";
		};
		6CDA0CB0A22142927CA3A576 /* Staging-Release */ = {
			isa = XCBuildConfiguration;
			buildSettings = {
				BUNDLE_LOADER = "$(TEST_HOST)";
				LD_RUNPATH_SEARCH_PATHS = (
					"$(inherited)",
					"@executable_path/Frameworks",
					"@loader_path/Frameworks",
				);
				PRODUCT_BUNDLE_IDENTIFIER = com.appstarterkit.app.AppStarterKitTests;
				SDKROOT = iphoneos;
				SWIFT_VERSION = 5.9;
				TARGETED_DEVICE_FAMILY = "1,2";
				TEST_HOST = "$(BUILT_PRODUCTS_DIR)/AppStarterKit.app/AppStarterKit";
			};
			name = "Staging-Release";
		};
		6FA874CCE09C104F0CC9EA58 /* Dev-Release */ = {
			isa = XCBuildConfiguration;
			baseConfigurationReference = DB18C55870D3BFECF9B5FF5B /* Dev.xcconfig */;
			buildSettings = {
				ASSETCATALOG_COMPILER_APPICON_NAME = AppIcon;
				CODE_SIGN_IDENTITY = "iPhone Developer";
				GENERATE_INFOPLIST_FILE = NO;
				INFOPLIST_FILE = AppStarterKit/App/Info.plist;
				LD_RUNPATH_SEARCH_PATHS = (
					"$(inherited)",
					"@executable_path/Frameworks",
				);
				PRODUCT_NAME = AppStarterKit;
				SDKROOT = iphoneos;
				SWIFT_VERSION = 5.9;
				TARGETED_DEVICE_FAMILY = "1,2";
			};
			name = "Dev-Release";
		};
		704750DB141D09A4C4725936 /* Dev-Debug */ = {
			isa = XCBuildConfiguration;
			buildSettings = {
				BUNDLE_LOADER = "$(TEST_HOST)";
				LD_RUNPATH_SEARCH_PATHS = (
					"$(inherited)",
					"@executable_path/Frameworks",
					"@loader_path/Frameworks",
				);
				PRODUCT_BUNDLE_IDENTIFIER = com.appstarterkit.app.AppStarterKitTests;
				SDKROOT = iphoneos;
				SWIFT_VERSION = 5.9;
				TARGETED_DEVICE_FAMILY = "1,2";
				TEST_HOST = "$(BUILT_PRODUCTS_DIR)/AppStarterKit.app/AppStarterKit";
			};
			name = "Dev-Debug";
		};
		761D423DF8737C91F5ADCE80 /* Staging-Release */ = {
			isa = XCBuildConfiguration;
			buildSettings = {
				ALWAYS_SEARCH_USER_PATHS = NO;
				CLANG_ANALYZER_NONNULL = YES;
				CLANG_ANALYZER_NUMBER_OBJECT_CONVERSION = YES_AGGRESSIVE;
				CLANG_CXX_LANGUAGE_STANDARD = "gnu++14";
				CLANG_CXX_LIBRARY = "libc++";
				CLANG_ENABLE_MODULES = YES;
				CLANG_ENABLE_OBJC_ARC = YES;
				CLANG_ENABLE_OBJC_WEAK = YES;
				CLANG_WARN_BLOCK_CAPTURE_AUTORELEASING = YES;
				CLANG_WARN_BOOL_CONVERSION = YES;
				CLANG_WARN_COMMA = YES;
				CLANG_WARN_CONSTANT_CONVERSION = YES;
				CLANG_WARN_DEPRECATED_OBJC_IMPLEMENTATIONS = YES;
				CLANG_WARN_DIRECT_OBJC_ISA_USAGE = YES_ERROR;
				CLANG_WARN_DOCUMENTATION_COMMENTS = YES;
				CLANG_WARN_EMPTY_BODY = YES;
				CLANG_WARN_ENUM_CONVERSION = YES;
				CLANG_WARN_INFINITE_RECURSION = YES;
				CLANG_WARN_INT_CONVERSION = YES;
				CLANG_WARN_NON_LITERAL_NULL_CONVERSION = YES;
				CLANG_WARN_OBJC_IMPLICIT_RETAIN_SELF = YES;
				CLANG_WARN_OBJC_LITERAL_CONVERSION = YES;
				CLANG_WARN_OBJC_ROOT_CLASS = YES_ERROR;
				CLANG_WARN_QUOTED_INCLUDE_IN_FRAMEWORK_HEADER = YES;
				CLANG_WARN_RANGE_LOOP_ANALYSIS = YES;
				CLANG_WARN_STRICT_PROTOTYPES = YES;
				CLANG_WARN_SUSPICIOUS_MOVE = YES;
				CLANG_WARN_UNGUARDED_AVAILABILITY = YES_AGGRESSIVE;
				CLANG_WARN_UNREACHABLE_CODE = YES;
				CLANG_WARN__DUPLICATE_METHOD_MATCH = YES;
				COPY_PHASE_STRIP = NO;
				DEBUG_INFORMATION_FORMAT = "dwarf-with-dsym";
				ENABLE_NS_ASSERTIONS = NO;
				ENABLE_STRICT_OBJC_MSGSEND = YES;
				GCC_C_LANGUAGE_STANDARD = gnu11;
				GCC_NO_COMMON_BLOCKS = YES;
				GCC_WARN_64_TO_32_BIT_CONVERSION = YES;
				GCC_WARN_ABOUT_RETURN_TYPE = YES_ERROR;
				GCC_WARN_UNDECLARED_SELECTOR = YES;
				GCC_WARN_UNINITIALIZED_AUTOS = YES_AGGRESSIVE;
				GCC_WARN_UNUSED_FUNCTION = YES;
				GCC_WARN_UNUSED_VARIABLE = YES;
				IPHONEOS_DEPLOYMENT_TARGET = 17.0;
				MTL_ENABLE_DEBUG_INFO = NO;
				MTL_FAST_MATH = YES;
				PRODUCT_NAME = "$(TARGET_NAME)";
				SDKROOT = iphoneos;
				SWIFT_COMPILATION_MODE = wholemodule;
				SWIFT_OPTIMIZATION_LEVEL = "-O";
				SWIFT_VERSION = 5.0;
			};
			name = "Staging-Release";
		};
		87B43C222060BA3BBE9FFD6F /* Dev-Release */ = {
			isa = XCBuildConfiguration;
			buildSettings = {
				BUNDLE_LOADER = "$(TEST_HOST)";
				LD_RUNPATH_SEARCH_PATHS = (
					"$(inherited)",
					"@executable_path/Frameworks",
					"@loader_path/Frameworks",
				);
				PRODUCT_BUNDLE_IDENTIFIER = com.appstarterkit.app.AppStarterKitTests;
				SDKROOT = iphoneos;
				SWIFT_VERSION = 5.9;
				TARGETED_DEVICE_FAMILY = "1,2";
				TEST_HOST = "$(BUILT_PRODUCTS_DIR)/AppStarterKit.app/AppStarterKit";
			};
			name = "Dev-Release";
		};
		8C845424DD4AA77513C335C5 /* Release-Debug */ = {
			isa = XCBuildConfiguration;
			buildSettings = {
				BUNDLE_LOADER = "$(TEST_HOST)";
				LD_RUNPATH_SEARCH_PATHS = (
					"$(inherited)",
					"@executable_path/Frameworks",
					"@loader_path/Frameworks",
				);
				PRODUCT_BUNDLE_IDENTIFIER = com.appstarterkit.app.AppStarterKitUITests;
				SDKROOT = iphoneos;
				SWIFT_VERSION = 5.9;
				TARGETED_DEVICE_FAMILY = "1,2";
				TEST_TARGET_NAME = AppStarterKit;
			};
			name = "Release-Debug";
		};
		99282D73817E841BF992208F /* Dev-Release */ = {
			isa = XCBuildConfiguration;
			buildSettings = {
				BUNDLE_LOADER = "$(TEST_HOST)";
				LD_RUNPATH_SEARCH_PATHS = (
					"$(inherited)",
					"@executable_path/Frameworks",
					"@loader_path/Frameworks",
				);
				PRODUCT_BUNDLE_IDENTIFIER = com.appstarterkit.app.AppStarterKitUITests;
				SDKROOT = iphoneos;
				SWIFT_VERSION = 5.9;
				TARGETED_DEVICE_FAMILY = "1,2";
				TEST_TARGET_NAME = AppStarterKit;
			};
			name = "Dev-Release";
		};
		A251B1A296E7BFBE65F29A7C /* Staging-Release */ = {
			isa = XCBuildConfiguration;
			buildSettings = {
				BUNDLE_LOADER = "$(TEST_HOST)";
				LD_RUNPATH_SEARCH_PATHS = (
					"$(inherited)",
					"@executable_path/Frameworks",
					"@loader_path/Frameworks",
				);
				PRODUCT_BUNDLE_IDENTIFIER = com.appstarterkit.app.AppStarterKitUITests;
				SDKROOT = iphoneos;
				SWIFT_VERSION = 5.9;
				TARGETED_DEVICE_FAMILY = "1,2";
				TEST_TARGET_NAME = AppStarterKit;
			};
			name = "Staging-Release";
		};
		AEE2BE0C0972F174DB96A31E /* Release-Release */ = {
			isa = XCBuildConfiguration;
			buildSettings = {
				BUNDLE_LOADER = "$(TEST_HOST)";
				LD_RUNPATH_SEARCH_PATHS = (
					"$(inherited)",
					"@executable_path/Frameworks",
					"@loader_path/Frameworks",
				);
				PRODUCT_BUNDLE_IDENTIFIER = com.appstarterkit.app.AppStarterKitTests;
				SDKROOT = iphoneos;
				SWIFT_VERSION = 5.9;
				TARGETED_DEVICE_FAMILY = "1,2";
				TEST_HOST = "$(BUILT_PRODUCTS_DIR)/AppStarterKit.app/AppStarterKit";
			};
			name = "Release-Release";
		};
		BD4B9B11723E81542B33C802 /* Dev-Debug */ = {
			isa = XCBuildConfiguration;
			buildSettings = {
				ALWAYS_SEARCH_USER_PATHS = NO;
				CLANG_ANALYZER_NONNULL = YES;
				CLANG_ANALYZER_NUMBER_OBJECT_CONVERSION = YES_AGGRESSIVE;
				CLANG_CXX_LANGUAGE_STANDARD = "gnu++14";
				CLANG_CXX_LIBRARY = "libc++";
				CLANG_ENABLE_MODULES = YES;
				CLANG_ENABLE_OBJC_ARC = YES;
				CLANG_ENABLE_OBJC_WEAK = YES;
				CLANG_WARN_BLOCK_CAPTURE_AUTORELEASING = YES;
				CLANG_WARN_BOOL_CONVERSION = YES;
				CLANG_WARN_COMMA = YES;
				CLANG_WARN_CONSTANT_CONVERSION = YES;
				CLANG_WARN_DEPRECATED_OBJC_IMPLEMENTATIONS = YES;
				CLANG_WARN_DIRECT_OBJC_ISA_USAGE = YES_ERROR;
				CLANG_WARN_DOCUMENTATION_COMMENTS = YES;
				CLANG_WARN_EMPTY_BODY = YES;
				CLANG_WARN_ENUM_CONVERSION = YES;
				CLANG_WARN_INFINITE_RECURSION = YES;
				CLANG_WARN_INT_CONVERSION = YES;
				CLANG_WARN_NON_LITERAL_NULL_CONVERSION = YES;
				CLANG_WARN_OBJC_IMPLICIT_RETAIN_SELF = YES;
				CLANG_WARN_OBJC_LITERAL_CONVERSION = YES;
				CLANG_WARN_OBJC_ROOT_CLASS = YES_ERROR;
				CLANG_WARN_QUOTED_INCLUDE_IN_FRAMEWORK_HEADER = YES;
				CLANG_WARN_RANGE_LOOP_ANALYSIS = YES;
				CLANG_WARN_STRICT_PROTOTYPES = YES;
				CLANG_WARN_SUSPICIOUS_MOVE = YES;
				CLANG_WARN_UNGUARDED_AVAILABILITY = YES_AGGRESSIVE;
				CLANG_WARN_UNREACHABLE_CODE = YES;
				CLANG_WARN__DUPLICATE_METHOD_MATCH = YES;
				COPY_PHASE_STRIP = NO;
				DEBUG_INFORMATION_FORMAT = dwarf;
				ENABLE_STRICT_OBJC_MSGSEND = YES;
				ENABLE_TESTABILITY = YES;
				GCC_C_LANGUAGE_STANDARD = gnu11;
				GCC_DYNAMIC_NO_PIC = NO;
				GCC_NO_COMMON_BLOCKS = YES;
				GCC_OPTIMIZATION_LEVEL = 0;
				GCC_PREPROCESSOR_DEFINITIONS = (
					"$(inherited)",
					"DEBUG=1",
				);
				GCC_WARN_64_TO_32_BIT_CONVERSION = YES;
				GCC_WARN_ABOUT_RETURN_TYPE = YES_ERROR;
				GCC_WARN_UNDECLARED_SELECTOR = YES;
				GCC_WARN_UNINITIALIZED_AUTOS = YES_AGGRESSIVE;
				GCC_WARN_UNUSED_FUNCTION = YES;
				GCC_WARN_UNUSED_VARIABLE = YES;
				IPHONEOS_DEPLOYMENT_TARGET = 17.0;
				MTL_ENABLE_DEBUG_INFO = INCLUDE_SOURCE;
				MTL_FAST_MATH = YES;
				ONLY_ACTIVE_ARCH = YES;
				PRODUCT_NAME = "$(TARGET_NAME)";
				SDKROOT = iphoneos;
				SWIFT_ACTIVE_COMPILATION_CONDITIONS = DEBUG;
				SWIFT_OPTIMIZATION_LEVEL = "-Onone";
				SWIFT_VERSION = 5.0;
			};
			name = "Dev-Debug";
		};
		C3D5FD64E58CA5502B58E335 /* Dev-Debug */ = {
			isa = XCBuildConfiguration;
			buildSettings = {
				BUNDLE_LOADER = "$(TEST_HOST)";
				LD_RUNPATH_SEARCH_PATHS = (
					"$(inherited)",
					"@executable_path/Frameworks",
					"@loader_path/Frameworks",
				);
				PRODUCT_BUNDLE_IDENTIFIER = com.appstarterkit.app.AppStarterKitUITests;
				SDKROOT = iphoneos;
				SWIFT_VERSION = 5.9;
				TARGETED_DEVICE_FAMILY = "1,2";
				TEST_TARGET_NAME = AppStarterKit;
			};
			name = "Dev-Debug";
		};
		D851A159AF14CD72BFF90FEE /* Release-Debug */ = {
			isa = XCBuildConfiguration;
			buildSettings = {
				BUNDLE_LOADER = "$(TEST_HOST)";
				LD_RUNPATH_SEARCH_PATHS = (
					"$(inherited)",
					"@executable_path/Frameworks",
					"@loader_path/Frameworks",
				);
				PRODUCT_BUNDLE_IDENTIFIER = com.appstarterkit.app.AppStarterKitTests;
				SDKROOT = iphoneos;
				SWIFT_VERSION = 5.9;
				TARGETED_DEVICE_FAMILY = "1,2";
				TEST_HOST = "$(BUILT_PRODUCTS_DIR)/AppStarterKit.app/AppStarterKit";
			};
			name = "Release-Debug";
		};
		E4402C2C0A0225C978D7C36F /* Dev-Release */ = {
			isa = XCBuildConfiguration;
			buildSettings = {
				ALWAYS_SEARCH_USER_PATHS = NO;
				CLANG_ANALYZER_NONNULL = YES;
				CLANG_ANALYZER_NUMBER_OBJECT_CONVERSION = YES_AGGRESSIVE;
				CLANG_CXX_LANGUAGE_STANDARD = "gnu++14";
				CLANG_CXX_LIBRARY = "libc++";
				CLANG_ENABLE_MODULES = YES;
				CLANG_ENABLE_OBJC_ARC = YES;
				CLANG_ENABLE_OBJC_WEAK = YES;
				CLANG_WARN_BLOCK_CAPTURE_AUTORELEASING = YES;
				CLANG_WARN_BOOL_CONVERSION = YES;
				CLANG_WARN_COMMA = YES;
				CLANG_WARN_CONSTANT_CONVERSION = YES;
				CLANG_WARN_DEPRECATED_OBJC_IMPLEMENTATIONS = YES;
				CLANG_WARN_DIRECT_OBJC_ISA_USAGE = YES_ERROR;
				CLANG_WARN_DOCUMENTATION_COMMENTS = YES;
				CLANG_WARN_EMPTY_BODY = YES;
				CLANG_WARN_ENUM_CONVERSION = YES;
				CLANG_WARN_INFINITE_RECURSION = YES;
				CLANG_WARN_INT_CONVERSION = YES;
				CLANG_WARN_NON_LITERAL_NULL_CONVERSION = YES;
				CLANG_WARN_OBJC_IMPLICIT_RETAIN_SELF = YES;
				CLANG_WARN_OBJC_LITERAL_CONVERSION = YES;
				CLANG_WARN_OBJC_ROOT_CLASS = YES_ERROR;
				CLANG_WARN_QUOTED_INCLUDE_IN_FRAMEWORK_HEADER = YES;
				CLANG_WARN_RANGE_LOOP_ANALYSIS = YES;
				CLANG_WARN_STRICT_PROTOTYPES = YES;
				CLANG_WARN_SUSPICIOUS_MOVE = YES;
				CLANG_WARN_UNGUARDED_AVAILABILITY = YES_AGGRESSIVE;
				CLANG_WARN_UNREACHABLE_CODE = YES;
				CLANG_WARN__DUPLICATE_METHOD_MATCH = YES;
				COPY_PHASE_STRIP = NO;
				DEBUG_INFORMATION_FORMAT = "dwarf-with-dsym";
				ENABLE_NS_ASSERTIONS = NO;
				ENABLE_STRICT_OBJC_MSGSEND = YES;
				GCC_C_LANGUAGE_STANDARD = gnu11;
				GCC_NO_COMMON_BLOCKS = YES;
				GCC_WARN_64_TO_32_BIT_CONVERSION = YES;
				GCC_WARN_ABOUT_RETURN_TYPE = YES_ERROR;
				GCC_WARN_UNDECLARED_SELECTOR = YES;
				GCC_WARN_UNINITIALIZED_AUTOS = YES_AGGRESSIVE;
				GCC_WARN_UNUSED_FUNCTION = YES;
				GCC_WARN_UNUSED_VARIABLE = YES;
				IPHONEOS_DEPLOYMENT_TARGET = 17.0;
				MTL_ENABLE_DEBUG_INFO = NO;
				MTL_FAST_MATH = YES;
				PRODUCT_NAME = "$(TARGET_NAME)";
				SDKROOT = iphoneos;
				SWIFT_COMPILATION_MODE = wholemodule;
				SWIFT_OPTIMIZATION_LEVEL = "-O";
				SWIFT_VERSION = 5.0;
			};
			name = "Dev-Release";
		};
		F18B0BFFEF238651F8B35885 /* Staging-Debug */ = {
			isa = XCBuildConfiguration;
			buildSettings = {
				BUNDLE_LOADER = "$(TEST_HOST)";
				LD_RUNPATH_SEARCH_PATHS = (
					"$(inherited)",
					"@executable_path/Frameworks",
					"@loader_path/Frameworks",
				);
				PRODUCT_BUNDLE_IDENTIFIER = com.appstarterkit.app.AppStarterKitTests;
				SDKROOT = iphoneos;
				SWIFT_VERSION = 5.9;
				TARGETED_DEVICE_FAMILY = "1,2";
				TEST_HOST = "$(BUILT_PRODUCTS_DIR)/AppStarterKit.app/AppStarterKit";
			};
			name = "Staging-Debug";
		};
		F794E966CC2F3202C9316D48 /* Release-Release */ = {
			isa = XCBuildConfiguration;
			baseConfigurationReference = 1847EC6EFE3D76BAF7076C11 /* Release.xcconfig */;
			buildSettings = {
				ASSETCATALOG_COMPILER_APPICON_NAME = AppIcon;
				CODE_SIGN_IDENTITY = "iPhone Developer";
				GENERATE_INFOPLIST_FILE = NO;
				INFOPLIST_FILE = AppStarterKit/App/Info.plist;
				LD_RUNPATH_SEARCH_PATHS = (
					"$(inherited)",
					"@executable_path/Frameworks",
				);
				PRODUCT_NAME = AppStarterKit;
				SDKROOT = iphoneos;
				SWIFT_VERSION = 5.9;
				TARGETED_DEVICE_FAMILY = "1,2";
			};
			name = "Release-Release";
		};
		FBFF134D49412D4C0F213B7A /* Staging-Release */ = {
			isa = XCBuildConfiguration;
			baseConfigurationReference = B4B04A8E23B615F7634FBEF2 /* Staging.xcconfig */;
			buildSettings = {
				ASSETCATALOG_COMPILER_APPICON_NAME = AppIcon;
				CODE_SIGN_IDENTITY = "iPhone Developer";
				GENERATE_INFOPLIST_FILE = NO;
				INFOPLIST_FILE = AppStarterKit/App/Info.plist;
				LD_RUNPATH_SEARCH_PATHS = (
					"$(inherited)",
					"@executable_path/Frameworks",
				);
				PRODUCT_NAME = AppStarterKit;
				SDKROOT = iphoneos;
				SWIFT_VERSION = 5.9;
				TARGETED_DEVICE_FAMILY = "1,2";
			};
			name = "Staging-Release";
		};
/* End XCBuildConfiguration section */

/* Begin XCConfigurationList section */
		21B74110C557479A2620C3CA /* Build configuration list for PBXNativeTarget "AppStarterKitTests" */ = {
			isa = XCConfigurationList;
			buildConfigurations = (
				704750DB141D09A4C4725936 /* Dev-Debug */,
				87B43C222060BA3BBE9FFD6F /* Dev-Release */,
				D851A159AF14CD72BFF90FEE /* Release-Debug */,
				AEE2BE0C0972F174DB96A31E /* Release-Release */,
				F18B0BFFEF238651F8B35885 /* Staging-Debug */,
				6CDA0CB0A22142927CA3A576 /* Staging-Release */,
			);
			defaultConfigurationIsVisible = 0;
			defaultConfigurationName = "Dev-Debug";
		};
		26937A4560A016F669CEEDE0 /* Build configuration list for PBXNativeTarget "AppStarterKit" */ = {
			isa = XCConfigurationList;
			buildConfigurations = (
				43B4304C6533680AB21059D8 /* Dev-Debug */,
				6FA874CCE09C104F0CC9EA58 /* Dev-Release */,
				39D5AA0A8CD2EAFD6B2C18E8 /* Release-Debug */,
				F794E966CC2F3202C9316D48 /* Release-Release */,
				2081B7974EB6EA9FCB0ED680 /* Staging-Debug */,
				FBFF134D49412D4C0F213B7A /* Staging-Release */,
			);
			defaultConfigurationIsVisible = 0;
			defaultConfigurationName = "Dev-Debug";
		};
		63BC2DE662C1DEA378289CB5 /* Build configuration list for PBXProject "AppStarterKit" */ = {
			isa = XCConfigurationList;
			buildConfigurations = (
				BD4B9B11723E81542B33C802 /* Dev-Debug */,
				E4402C2C0A0225C978D7C36F /* Dev-Release */,
				1555F5263B30CA80B02D0D78 /* Release-Debug */,
				5C92D86993F0E6328E5002CE /* Release-Release */,
				1A9E280D9A663C8E649CEEDC /* Staging-Debug */,
				761D423DF8737C91F5ADCE80 /* Staging-Release */,
			);
			defaultConfigurationIsVisible = 0;
			defaultConfigurationName = "Dev-Debug";
		};
		DEB93887ABDFFEB72C319FFB /* Build configuration list for PBXNativeTarget "AppStarterKitUITests" */ = {
			isa = XCConfigurationList;
			buildConfigurations = (
				C3D5FD64E58CA5502B58E335 /* Dev-Debug */,
				99282D73817E841BF992208F /* Dev-Release */,
				8C845424DD4AA77513C335C5 /* Release-Debug */,
				2BC966BB157407AFBA282A09 /* Release-Release */,
				3697E479001AC6526FD6E2C2 /* Staging-Debug */,
				A251B1A296E7BFBE65F29A7C /* Staging-Release */,
			);
			defaultConfigurationIsVisible = 0;
			defaultConfigurationName = "Dev-Debug";
		};
/* End XCConfigurationList section */
	};
	rootObject = 8A9E97463B97BEDCA3F2AF99 /* Project object */;
}
